
Microsoft Visual Studio Solution File, Format Version 12.00
# Visual Studio 2012
Project("{E24C65DC-7377-472B-9ABA-BC803B73C61A}") = "Assigment", ".", "{E70F4787-17A0-4F87-9509-B1229834FE53}"
	ProjectSection(WebsiteProperties) = preProject
		TargetFrameworkMoniker = ".NETFramework,Version%3Dv4.5"
		Debug.AspNetCompiler.VirtualPath = "/Assigment"
		Debug.AspNetCompiler.PhysicalPath = "..\..\..\..\Desktop\Sonbvph03820_Assignment2_INF205\Assigment\"
		Debug.AspNetCompiler.TargetPath = "PrecompiledWeb\Assigment\"
		Debug.AspNetCompiler.Updateable = "true"
		Debug.AspNetCompiler.ForceOverwrite = "true"
		Debug.AspNetCompiler.FixedNames = "false"
		Debug.AspNetCompiler.Debug = "True"
		Release.AspNetCompiler.VirtualPath = "/Assigment"
		Release.AspNetCompiler.PhysicalPath = "..\..\..\..\Desktop\Sonbvph03820_Assignment2_INF205\Assigment\"
		Release.AspNetCompiler.TargetPath = "PrecompiledWeb\Assigment\"
		Release.AspNetCompiler.Updateable = "true"
		Release.AspNetCompiler.ForceOverwrite = "true"
		Release.AspNetCompiler.FixedNames = "false"
		Release.AspNetCompiler.Debug = "False"
		VWDPort = "57040"
	EndProjectSection
EndProject
Global
	GlobalSection(SolutionConfigurationPlatforms) = preSolution
		Debug|Any CPU = Debug|Any CPU
	EndGlobalSection
	GlobalSection(ProjectConfigurationPlatforms) = postSolution
		{E70F4787-17A0-4F87-9509-B1229834FE53}.Debug|Any CPU.ActiveCfg = Debug|Any CPU
		{E70F4787-17A0-4F87-9509-B1229834FE53}.Debug|Any CPU.Build.0 = Debug|Any CPU
	EndGlobalSection
	GlobalSection(SolutionProperties) = preSolution
		HideSolutionNode = FALSE
	EndGlobalSection
EndGlobal
